
Microsoft Visual Studio Solution File, Format Version 12.00
# Visual Studio 2012
Project("{FAE04EC0-301F-11D3-BF4B-00C04F79EFBC}") = "Clase_17", "Clase_17\Clase_17.csproj", "{4042B476-1D3D-43BA-9D91-DFD956C1A2FC}"
EndProject
Global
	GlobalSection(SolutionConfigurationPlatforms) = preSolution
		Debug|Any CPU = Debug|Any CPU
		Release|Any CPU = Release|Any CPU
	EndGlobalSection
	GlobalSection(ProjectConfigurationPlatforms) = postSolution
		{4042B476-1D3D-43BA-9D91-DFD956C1A2FC}.Debug|Any CPU.ActiveCfg = Debug|Any CPU
		{4042B476-1D3D-43BA-9D91-DFD956C1A2FC}.Debug|Any CPU.Build.0 = Debug|Any CPU
		{4042B476-1D3D-43BA-9D91-DFD956C1A2FC}.Release|Any CPU.ActiveCfg = Release|Any CPU
		{4042B476-1D3D-43BA-9D91-DFD956C1A2FC}.Release|Any CPU.Build.0 = Release|Any CPU
	EndGlobalSection
	GlobalSection(SolutionProperties) = preSolution
		HideSolutionNode = FALSE
	EndGlobalSection
EndGlobal
