
Microsoft Visual Studio Solution File, Format Version 12.00
# Visual Studio 15
VisualStudioVersion = 15.0.27004.2005
MinimumVisualStudioVersion = 10.0.40219.1
Project("{FAE04EC0-301F-11D3-BF4B-00C04F79EFBC}") = "frmFinal", "frmFinal\frmFinal.csproj", "{304C1FB7-CC3E-4598-B29C-2A771FA212D4}"
EndProject
Project("{FAE04EC0-301F-11D3-BF4B-00C04F79EFBC}") = "UnitTestProject1", "UnitTestProject1\UnitTestProject1.csproj", "{605941BD-D2F5-4EB4-B808-8F45FD83E9A4}"
EndProject
Global
	GlobalSection(SolutionConfigurationPlatforms) = preSolution
		Debug|Any CPU = Debug|Any CPU
		Release|Any CPU = Release|Any CPU
	EndGlobalSection
	GlobalSection(ProjectConfigurationPlatforms) = postSolution
		{304C1FB7-CC3E-4598-B29C-2A771FA212D4}.Debug|Any CPU.ActiveCfg = Debug|Any CPU
		{304C1FB7-CC3E-4598-B29C-2A771FA212D4}.Debug|Any CPU.Build.0 = Debug|Any CPU
		{304C1FB7-CC3E-4598-B29C-2A771FA212D4}.Release|Any CPU.ActiveCfg = Release|Any CPU
		{304C1FB7-CC3E-4598-B29C-2A771FA212D4}.Release|Any CPU.Build.0 = Release|Any CPU
		{605941BD-D2F5-4EB4-B808-8F45FD83E9A4}.Debug|Any CPU.ActiveCfg = Debug|Any CPU
		{605941BD-D2F5-4EB4-B808-8F45FD83E9A4}.Debug|Any CPU.Build.0 = Debug|Any CPU
		{605941BD-D2F5-4EB4-B808-8F45FD83E9A4}.Release|Any CPU.ActiveCfg = Release|Any CPU
		{605941BD-D2F5-4EB4-B808-8F45FD83E9A4}.Release|Any CPU.Build.0 = Release|Any CPU
	EndGlobalSection
	GlobalSection(SolutionProperties) = preSolution
		HideSolutionNode = FALSE
	EndGlobalSection
	GlobalSection(ExtensibilityGlobals) = postSolution
		SolutionGuid = {2C87D042-3599-4990-9DFA-7406203839A4}
	EndGlobalSection
EndGlobal
